
Microsoft Visual Studio Solution File, Format Version 12.00
# Visual Studio 15
VisualStudioVersion = 15.0.28307.902
MinimumVisualStudioVersion = 10.0.40219.1
Project("{8BC9CEB8-8B4A-11D0-8D11-00A0C91BC942}") = "Lab4+", "Lab4+\Lab4+.vcxproj", "{25E33F0D-6CFE-49CE-812C-073CB8383C55}"
EndProject
Project("{8BC9CEB8-8B4A-11D0-8D11-00A0C91BC942}") = "Triangle", "Triangle\Triangle.vcxproj", "{FC09035E-CA78-44CA-88F1-356F9ACC8BDC}"
EndProject
Global
	GlobalSection(SolutionConfigurationPlatforms) = preSolution
		Debug|x64 = Debug|x64
		Debug|x86 = Debug|x86
		Release|x64 = Release|x64
		Release|x86 = Release|x86
	EndGlobalSection
	GlobalSection(ProjectConfigurationPlatforms) = postSolution
		{25E33F0D-6CFE-49CE-812C-073CB8383C55}.Debug|x64.ActiveCfg = Debug|x64
		{25E33F0D-6CFE-49CE-812C-073CB8383C55}.Debug|x64.Build.0 = Debug|x64
		{25E33F0D-6CFE-49CE-812C-073CB8383C55}.Debug|x86.ActiveCfg = Debug|Win32
		{25E33F0D-6CFE-49CE-812C-073CB8383C55}.Debug|x86.Build.0 = Debug|Win32
		{25E33F0D-6CFE-49CE-812C-073CB8383C55}.Release|x64.ActiveCfg = Release|x64
		{25E33F0D-6CFE-49CE-812C-073CB8383C55}.Release|x64.Build.0 = Release|x64
		{25E33F0D-6CFE-49CE-812C-073CB8383C55}.Release|x86.ActiveCfg = Release|Win32
		{25E33F0D-6CFE-49CE-812C-073CB8383C55}.Release|x86.Build.0 = Release|Win32
		{FC09035E-CA78-44CA-88F1-356F9ACC8BDC}.Debug|x64.ActiveCfg = Debug|x64
		{FC09035E-CA78-44CA-88F1-356F9ACC8BDC}.Debug|x64.Build.0 = Debug|x64
		{FC09035E-CA78-44CA-88F1-356F9ACC8BDC}.Debug|x86.ActiveCfg = Debug|Win32
		{FC09035E-CA78-44CA-88F1-356F9ACC8BDC}.Debug|x86.Build.0 = Debug|Win32
		{FC09035E-CA78-44CA-88F1-356F9ACC8BDC}.Release|x64.ActiveCfg = Release|x64
		{FC09035E-CA78-44CA-88F1-356F9ACC8BDC}.Release|x64.Build.0 = Release|x64
		{FC09035E-CA78-44CA-88F1-356F9ACC8BDC}.Release|x86.ActiveCfg = Release|Win32
		{FC09035E-CA78-44CA-88F1-356F9ACC8BDC}.Release|x86.Build.0 = Release|Win32
	EndGlobalSection
	GlobalSection(SolutionProperties) = preSolution
		HideSolutionNode = FALSE
	EndGlobalSection
	GlobalSection(ExtensibilityGlobals) = postSolution
		SolutionGuid = {88D94E92-4471-40F5-B266-363C3FA302F6}
	EndGlobalSection
EndGlobal
