
Microsoft Visual Studio Solution File, Format Version 12.00
# Visual Studio 15
VisualStudioVersion = 15.0.28307.902
MinimumVisualStudioVersion = 10.0.40219.1
Project("{FAE04EC0-301F-11D3-BF4B-00C04F79EFBC}") = "Lab8s2", "Lab8s2\Lab8s2.csproj", "{5B69BA2B-BBA7-4533-8246-E28B36827C36}"
	ProjectSection(ProjectDependencies) = postProject
		{11271C33-C32C-41FF-BDC7-E0B87AB65A83} = {11271C33-C32C-41FF-BDC7-E0B87AB65A83}
	EndProjectSection
EndProject
Project("{FAE04EC0-301F-11D3-BF4B-00C04F79EFBC}") = "Library", "Library\Library.csproj", "{11271C33-C32C-41FF-BDC7-E0B87AB65A83}"
EndProject
Global
	GlobalSection(SolutionConfigurationPlatforms) = preSolution
		Debug|Any CPU = Debug|Any CPU
		Release|Any CPU = Release|Any CPU
	EndGlobalSection
	GlobalSection(ProjectConfigurationPlatforms) = postSolution
		{5B69BA2B-BBA7-4533-8246-E28B36827C36}.Debug|Any CPU.ActiveCfg = Debug|Any CPU
		{5B69BA2B-BBA7-4533-8246-E28B36827C36}.Debug|Any CPU.Build.0 = Debug|Any CPU
		{5B69BA2B-BBA7-4533-8246-E28B36827C36}.Release|Any CPU.ActiveCfg = Release|Any CPU
		{5B69BA2B-BBA7-4533-8246-E28B36827C36}.Release|Any CPU.Build.0 = Release|Any CPU
		{11271C33-C32C-41FF-BDC7-E0B87AB65A83}.Debug|Any CPU.ActiveCfg = Debug|Any CPU
		{11271C33-C32C-41FF-BDC7-E0B87AB65A83}.Debug|Any CPU.Build.0 = Debug|Any CPU
		{11271C33-C32C-41FF-BDC7-E0B87AB65A83}.Release|Any CPU.ActiveCfg = Release|Any CPU
		{11271C33-C32C-41FF-BDC7-E0B87AB65A83}.Release|Any CPU.Build.0 = Release|Any CPU
	EndGlobalSection
	GlobalSection(SolutionProperties) = preSolution
		HideSolutionNode = FALSE
	EndGlobalSection
	GlobalSection(ExtensibilityGlobals) = postSolution
		SolutionGuid = {DD75B984-C082-409E-A0D0-465075325CD0}
	EndGlobalSection
EndGlobal
