
Microsoft Visual Studio Solution File, Format Version 12.00
# Visual Studio 15
VisualStudioVersion = 15.0.28307.902
MinimumVisualStudioVersion = 10.0.40219.1
Project("{FAE04EC0-301F-11D3-BF4B-00C04F79EFBC}") = "Lab5s2", "Lab5s2\Lab5s2.csproj", "{BFE88965-1F0D-4CE6-8386-A723B8D55FA3}"
	ProjectSection(ProjectDependencies) = postProject
		{19F6467F-8DC1-42D1-B531-DED27BF795B8} = {19F6467F-8DC1-42D1-B531-DED27BF795B8}
	EndProjectSection
EndProject
Project("{FAE04EC0-301F-11D3-BF4B-00C04F79EFBC}") = "Figure", "Figure\Figure.csproj", "{19F6467F-8DC1-42D1-B531-DED27BF795B8}"
EndProject
Global
	GlobalSection(SolutionConfigurationPlatforms) = preSolution
		Debug|Any CPU = Debug|Any CPU
		Release|Any CPU = Release|Any CPU
	EndGlobalSection
	GlobalSection(ProjectConfigurationPlatforms) = postSolution
		{BFE88965-1F0D-4CE6-8386-A723B8D55FA3}.Debug|Any CPU.ActiveCfg = Debug|Any CPU
		{BFE88965-1F0D-4CE6-8386-A723B8D55FA3}.Debug|Any CPU.Build.0 = Debug|Any CPU
		{BFE88965-1F0D-4CE6-8386-A723B8D55FA3}.Release|Any CPU.ActiveCfg = Release|Any CPU
		{BFE88965-1F0D-4CE6-8386-A723B8D55FA3}.Release|Any CPU.Build.0 = Release|Any CPU
		{19F6467F-8DC1-42D1-B531-DED27BF795B8}.Debug|Any CPU.ActiveCfg = Debug|Any CPU
		{19F6467F-8DC1-42D1-B531-DED27BF795B8}.Debug|Any CPU.Build.0 = Debug|Any CPU
		{19F6467F-8DC1-42D1-B531-DED27BF795B8}.Release|Any CPU.ActiveCfg = Release|Any CPU
		{19F6467F-8DC1-42D1-B531-DED27BF795B8}.Release|Any CPU.Build.0 = Release|Any CPU
	EndGlobalSection
	GlobalSection(SolutionProperties) = preSolution
		HideSolutionNode = FALSE
	EndGlobalSection
	GlobalSection(ExtensibilityGlobals) = postSolution
		SolutionGuid = {FF94E4AA-05BB-4693-B66F-C51AF6215173}
	EndGlobalSection
EndGlobal
